
Microsoft Visual Studio Solution File, Format Version 12.00
# Visual Studio Version 17
VisualStudioVersion = 17.7.34009.444
MinimumVisualStudioVersion = 10.0.40219.1
Project("{FAE04EC0-301F-11D3-BF4B-00C04F79EFBC}") = "SQLite Demo", "SQLite Demo\SQLite Demo.csproj", "{1CBA9909-7A98-4BD3-BF49-008B756B8A68}"
EndProject
Project("{FAE04EC0-301F-11D3-BF4B-00C04F79EFBC}") = "DemoLibrary", "ClassLibrary1\DemoLibrary.csproj", "{83C33708-E1CF-44CF-8394-F40E920A6059}"
EndProject
Global
	GlobalSection(SolutionConfigurationPlatforms) = preSolution
		Debug|Any CPU = Debug|Any CPU
		Release|Any CPU = Release|Any CPU
	EndGlobalSection
	GlobalSection(ProjectConfigurationPlatforms) = postSolution
		{1CBA9909-7A98-4BD3-BF49-008B756B8A68}.Debug|Any CPU.ActiveCfg = Debug|Any CPU
		{1CBA9909-7A98-4BD3-BF49-008B756B8A68}.Debug|Any CPU.Build.0 = Debug|Any CPU
		{1CBA9909-7A98-4BD3-BF49-008B756B8A68}.Release|Any CPU.ActiveCfg = Release|Any CPU
		{1CBA9909-7A98-4BD3-BF49-008B756B8A68}.Release|Any CPU.Build.0 = Release|Any CPU
		{83C33708-E1CF-44CF-8394-F40E920A6059}.Debug|Any CPU.ActiveCfg = Debug|Any CPU
		{83C33708-E1CF-44CF-8394-F40E920A6059}.Debug|Any CPU.Build.0 = Debug|Any CPU
		{83C33708-E1CF-44CF-8394-F40E920A6059}.Release|Any CPU.ActiveCfg = Release|Any CPU
		{83C33708-E1CF-44CF-8394-F40E920A6059}.Release|Any CPU.Build.0 = Release|Any CPU
	EndGlobalSection
	GlobalSection(SolutionProperties) = preSolution
		HideSolutionNode = FALSE
	EndGlobalSection
	GlobalSection(ExtensibilityGlobals) = postSolution
		SolutionGuid = {A1614153-C756-412D-AE00-3EE14FCB4C32}
	EndGlobalSection
EndGlobal
